
Microsoft Visual Studio Solution File, Format Version 11.00
# Visual Studio 2010
Project("{FAE04EC0-301F-11D3-BF4B-00C04F79EFBC}") = "Assembly-CSharp", "Assembly-CSharp.csproj", "{74F9CD28-198B-DE24-9865-3192DCB44CBB}"
EndProject
Project("{FAE04EC0-301F-11D3-BF4B-00C04F79EFBC}") = "Assembly-CSharp-Editor", "Assembly-CSharp-Editor.csproj", "{B32FD57F-AFA6-A501-0CCB-A476E71F0CC4}"
EndProject
Global
	GlobalSection(SolutionConfigurationPlatforms) = preSolution
		Debug|Any CPU = Debug|Any CPU
		Release|Any CPU = Release|Any CPU
	EndGlobalSection
	GlobalSection(ProjectConfigurationPlatforms) = postSolution
		{74F9CD28-198B-DE24-9865-3192DCB44CBB}.Debug|Any CPU.ActiveCfg = Debug|Any CPU
		{74F9CD28-198B-DE24-9865-3192DCB44CBB}.Debug|Any CPU.Build.0 = Debug|Any CPU
		{74F9CD28-198B-DE24-9865-3192DCB44CBB}.Release|Any CPU.ActiveCfg = Release|Any CPU
		{74F9CD28-198B-DE24-9865-3192DCB44CBB}.Release|Any CPU.Build.0 = Release|Any CPU
		{B32FD57F-AFA6-A501-0CCB-A476E71F0CC4}.Debug|Any CPU.ActiveCfg = Debug|Any CPU
		{B32FD57F-AFA6-A501-0CCB-A476E71F0CC4}.Debug|Any CPU.Build.0 = Debug|Any CPU
		{B32FD57F-AFA6-A501-0CCB-A476E71F0CC4}.Release|Any CPU.ActiveCfg = Release|Any CPU
		{B32FD57F-AFA6-A501-0CCB-A476E71F0CC4}.Release|Any CPU.Build.0 = Release|Any CPU
	EndGlobalSection
	GlobalSection(SolutionProperties) = preSolution
		HideSolutionNode = FALSE
	EndGlobalSection
EndGlobal
